# THIS IS AN AUTOGENERATED FILE. DO NOT EDIT THIS FILE DIRECTLY.
# yarn lockfile v1


"@supabase/auth-js@2.104.0":
  version "2.104.0"
  resolved "https://registry.yarnpkg.com/@supabase/auth-js/-/auth-js-2.104.0.tgz#98f3bbb35ee135724404180a26221593c2d8f6d3"
  integrity sha512-Vs0ndL+s5an7rOmXtS/nbYnGXL8m+KXlCSrPIcw9bR96ma6qyLYILnE6syuM+rpDnf+Tg4PVNxNB2+oDwoy6mA==
  dependencies:
    tslib "2.8.1"

"@supabase/functions-js@2.104.0":
  version "2.104.0"
  resolved "https://registry.yarnpkg.com/@supabase/functions-js/-/functions-js-2.104.0.tgz#9316666f46e41b2d2ffa18f14af7f04ef4562f76"
  integrity sha512-O8EyEz/RT1kfWhyJNpVc/VbLeBsohHGBVif/CI83zoMB+Iul/t/NIekH1/7RsH6kuO+b2D4wJhfiaW8Qr47sRg==
  dependencies:
    tslib "2.8.1"

"@supabase/phoenix@^0.4.0":
  version "0.4.0"
  resolved "https://registry.yarnpkg.com/@supabase/phoenix/-/phoenix-0.4.0.tgz#1a2d84658fbd34b6f33a22660efe7def38905d40"
  integrity sha512-RHSx8bHS02xwfHdAbX5Lpbo6PXbgyf7lTaXTlwtFDPwOIw64NnVRwFAXGojHhjtVYI+PEPNSWwkL90f4agN3bw==

"@supabase/postgrest-js@2.104.0":
  version "2.104.0"
  resolved "https://registry.yarnpkg.com/@supabase/postgrest-js/-/postgrest-js-2.104.0.tgz#8a414addfcf86e7906be3ade2c154e7c3d920411"
  integrity sha512-ynylEq6wduQEycj6pL3P+/yIfDQ+CTnBC5I6p+PzcAO2ybj9coAITVtMfboi+g/dacgMslN5MH73rXsRMB29+Q==
  dependencies:
    tslib "2.8.1"

"@supabase/realtime-js@2.104.0":
  version "2.104.0"
  resolved "https://registry.yarnpkg.com/@supabase/realtime-js/-/realtime-js-2.104.0.tgz#a4f96902b514f7d7bd03bbfb3310922388c098a6"
  integrity sha512-9fUVDoTVAhn7a79+AmEx+asUlRtf2yBrji7TQckcKn/WK4hvAA9Lia9er+lnhuz3WNiF1x6kkA4x7bRCJrU+KA==
  dependencies:
    "@supabase/phoenix" "^0.4.0"
    "@types/ws" "^8.18.1"
    tslib "2.8.1"
    ws "^8.18.2"

"@supabase/ssr@^0.10.2":
  version "0.10.2"
  resolved "https://registry.yarnpkg.com/@supabase/ssr/-/ssr-0.10.2.tgz#55f4675eef530eaee4a2c9c5ec6a6f01802fe1f7"
  integrity sha512-JFbchN63CXLFHJRNT7udec4/RoD9PmXkSGko3QSO6vUuqGBtSzdmxR7FPfQNr7SuFd65I7Xv46q66ALjEN1cgQ==
  dependencies:
    cookie "^1.0.2"

"@supabase/storage-js@2.104.0":
  version "2.104.0"
  resolved "https://registry.yarnpkg.com/@supabase/storage-js/-/storage-js-2.104.0.tgz#cb616e6ad38cf071e5c06c18529af6e0efd4469c"
  integrity sha512-s2NHtuAWb9nldJ/fS62WnJE6edvCWn31rrO+FJKlAohs99qdVgtLegUReTU2H9WnZiQlVqaBtu386wt6/6lrRw==
  dependencies:
    iceberg-js "^0.8.1"
    tslib "2.8.1"

"@supabase/supabase-js@^2.104.0":
  version "2.104.0"
  resolved "https://registry.yarnpkg.com/@supabase/supabase-js/-/supabase-js-2.104.0.tgz#6935e72489f96b71212222a8e7eb16d2be854793"
  integrity sha512-hILwhIjCB53G31jlHUe73NDEmrXudcjcYlVRuvNfEhzf0gyFQaFf7j6rd1UGmYZkFMOg//DFE8Iy9ZbNEgosVw==
  dependencies:
    "@supabase/auth-js" "2.104.0"
    "@supabase/functions-js" "2.104.0"
    "@supabase/postgrest-js" "2.104.0"
    "@supabase/realtime-js" "2.104.0"
    "@supabase/storage-js" "2.104.0"

"@types/node@*":
  version "25.6.0"
  resolved "https://registry.yarnpkg.com/@types/node/-/node-25.6.0.tgz#4e09bad9b469871f2d0f68140198cbd714f4edca"
  integrity sha512-+qIYRKdNYJwY3vRCZMdJbPLJAtGjQBudzZzdzwQYkEPQd+PJGixUL5QfvCLDaULoLv+RhT3LDkwEfKaAkgSmNQ==
  dependencies:
    undici-types "~7.19.0"

"@types/ws@^8.18.1":
  version "8.18.1"
  resolved "https://registry.yarnpkg.com/@types/ws/-/ws-8.18.1.tgz#48464e4bf2ddfd17db13d845467f6070ffea4aa9"
  integrity sha512-ThVF6DCVhA8kUGy+aazFQ4kXQ7E1Ty7A3ypFOe0IcJV8O/M511G99AW24irKrW56Wt44yG9+ij8FaqoBGkuBXg==
  dependencies:
    "@types/node" "*"

cookie@^1.0.2:
  version "1.1.1"
  resolved "https://registry.yarnpkg.com/cookie/-/cookie-1.1.1.tgz#3bb9bdfc82369db9c2f69c93c9c3ceb310c88b3c"
  integrity sha512-ei8Aos7ja0weRpFzJnEA9UHJ/7XQmqglbRwnf2ATjcB9Wq874VKH9kfjjirM6UhU2/E5fFYadylyhFldcqSidQ==

iceberg-js@^0.8.1:
  version "0.8.1"
  resolved "https://registry.yarnpkg.com/iceberg-js/-/iceberg-js-0.8.1.tgz#47d893468293a010385e1c70123f29d0fc1d9912"
  integrity sha512-1dhVQZXhcHje7798IVM+xoo/1ZdVfzOMIc8/rgVSijRK38EDqOJoGula9N/8ZI5RD8QTxNQtK/Gozpr+qUqRRA==

tslib@2.8.1:
  version "2.8.1"
  resolved "https://registry.yarnpkg.com/tslib/-/tslib-2.8.1.tgz#612efe4ed235d567e8aba5f2a5fab70280ade83f"
  integrity sha512-oJFu94HQb+KVduSUQL7wnpmqnfmLsOA/nAh6b6EH0wCEoK0/mPeXU6c3wKDV83MkOuHPRHtSXKKU99IBazS/2w==

typescript@^6.0.3:
  version "6.0.3"
  resolved "https://registry.yarnpkg.com/typescript/-/typescript-6.0.3.tgz#90251dc007916e972786cb94d74d15b185577d21"
  integrity sha512-y2TvuxSZPDyQakkFRPZHKFm+KKVqIisdg9/CZwm9ftvKXLP8NRWj38/ODjNbr43SsoXqNuAisEf1GdCxqWcdBw==

undici-types@~7.19.0:
  version "7.19.2"
  resolved "https://registry.yarnpkg.com/undici-types/-/undici-types-7.19.2.tgz#1b67fc26d0f157a0cba3a58a5b5c1e2276b8ba2a"
  integrity sha512-qYVnV5OEm2AW8cJMCpdV20CDyaN3g0AjDlOGf1OW4iaDEx8MwdtChUp4zu4H0VP3nDRF/8RKWH+IPp9uW0YGZg==

ws@^8.18.2:
  version "8.20.0"
  resolved "https://registry.yarnpkg.com/ws/-/ws-8.20.0.tgz#4cd9532358eba60bc863aad1623dfb045a4d4af8"
  integrity sha512-sAt8BhgNbzCtgGbt2OxmpuryO63ZoDk/sqaB/znQm94T4fCEsy/yV+7CdC1kJhOU9lboAEU7R3kquuycDoibVA==
